
Microsoft Visual Studio Solution File, Format Version 12.00
# Visual Studio Version 17
VisualStudioVersion = 17.5.002.0
MinimumVisualStudioVersion = 10.0.40219.1
Project("{9A19103F-16F7-4668-BE54-9A1E7A4F7556}") = "GroupChatExample.CodingTask", "src\GroupChatExample.CodingTask\GroupChatExample.CodingTask.csproj", "{0F9A5F4A-EA93-458C-9739-F785379D3C46}"
EndProject
Project("{9A19103F-16F7-4668-BE54-9A1E7A4F7556}") = "GroupChatExample.DotnetInteractiveService", "src\GroupChatExample.DotnetInteractiveService\GroupChatExample.DotnetInteractiveService.csproj", "{CBA0D41B-1B2A-448B-A127-067FE7349862}"
EndProject
Project("{9A19103F-16F7-4668-BE54-9A1E7A4F7556}") = "GroupChatExample.SourceGenerator.Tests", "src\GroupChatExample.SourceGenerator.Tests\GroupChatExample.SourceGenerator.Tests.csproj", "{B5D40F73-8B7B-4B2A-8D7A-1751210DBEE1}"
EndProject
Project("{9A19103F-16F7-4668-BE54-9A1E7A4F7556}") = "GroupChatExample.Helper", "src\GroupChatExample.Helper\GroupChatExample.Helper.csproj", "{E74AD7D1-88DC-4196-97D8-FAE618D5990E}"
EndProject
Project("{9A19103F-16F7-4668-BE54-9A1E7A4F7556}") = "GroupChatExample.DotnetInteractiveService.Tests", "src\GroupChatExample.DotnetInteractiveService.Tests\GroupChatExample.DotnetInteractiveService.Tests.csproj", "{90C55A6F-D2F8-4F45-B9B0-191CFBD10E3F}"
EndProject
Project("{9A19103F-16F7-4668-BE54-9A1E7A4F7556}") = "GroupChatExample.SourceGenerator", "src\GroupChatExample.SourceGenerator\GroupChatExample.SourceGenerator.csproj", "{540AAD13-E0B7-4AB4-A8DB-0C9EF9739D2B}"
EndProject
Project("{2150E333-8FDC-42A3-9474-1A3956D46DE8}") = "test", "test", "{23C921D0-52FB-4FB6-A796-DB61081CD6BF}"
EndProject
Project("{2150E333-8FDC-42A3-9474-1A3956D46DE8}") = "example", "example", "{6E65C7DE-7867-419B-A623-08B0B9FCE340}"
EndProject
Project("{2150E333-8FDC-42A3-9474-1A3956D46DE8}") = "dotnet intepreter", "dotnet intepreter", "{DD11B7E9-CCEB-4D64-870E-D3834426474B}"
EndProject
Project("{9A19103F-16F7-4668-BE54-9A1E7A4F7556}") = "GroupChatExample.DotnetInterpreter", "src\GroupChatExample.DotnetInterpreter\GroupChatExample.DotnetInterpreter.csproj", "{56BF33AF-679D-4ED3-BD1E-505E4101FDCB}"
EndProject
Project("{2150E333-8FDC-42A3-9474-1A3956D46DE8}") = "coder + runner", "coder + runner", "{C770B7CC-9AE7-4303-9F72-C309B656FA76}"
EndProject
Project("{FAE04EC0-301F-11D3-BF4B-00C04F79EFBC}") = "GroupChatExample.CoderRunner", "src\GroupChatExample.CoderRunner\GroupChatExample.CoderRunner.csproj", "{DD69C50D-E97C-4EA5-8719-BEDC3F11ADDD}"
EndProject
Global
	GlobalSection(SolutionConfigurationPlatforms) = preSolution
		Debug|Any CPU = Debug|Any CPU
		Release|Any CPU = Release|Any CPU
	EndGlobalSection
	GlobalSection(ProjectConfigurationPlatforms) = postSolution
		{0F9A5F4A-EA93-458C-9739-F785379D3C46}.Debug|Any CPU.ActiveCfg = Debug|Any CPU
		{0F9A5F4A-EA93-458C-9739-F785379D3C46}.Debug|Any CPU.Build.0 = Debug|Any CPU
		{0F9A5F4A-EA93-458C-9739-F785379D3C46}.Release|Any CPU.ActiveCfg = Release|Any CPU
		{0F9A5F4A-EA93-458C-9739-F785379D3C46}.Release|Any CPU.Build.0 = Release|Any CPU
		{CBA0D41B-1B2A-448B-A127-067FE7349862}.Debug|Any CPU.ActiveCfg = Debug|Any CPU
		{CBA0D41B-1B2A-448B-A127-067FE7349862}.Debug|Any CPU.Build.0 = Debug|Any CPU
		{CBA0D41B-1B2A-448B-A127-067FE7349862}.Release|Any CPU.ActiveCfg = Release|Any CPU
		{CBA0D41B-1B2A-448B-A127-067FE7349862}.Release|Any CPU.Build.0 = Release|Any CPU
		{B5D40F73-8B7B-4B2A-8D7A-1751210DBEE1}.Debug|Any CPU.ActiveCfg = Debug|Any CPU
		{B5D40F73-8B7B-4B2A-8D7A-1751210DBEE1}.Debug|Any CPU.Build.0 = Debug|Any CPU
		{B5D40F73-8B7B-4B2A-8D7A-1751210DBEE1}.Release|Any CPU.ActiveCfg = Release|Any CPU
		{B5D40F73-8B7B-4B2A-8D7A-1751210DBEE1}.Release|Any CPU.Build.0 = Release|Any CPU
		{E74AD7D1-88DC-4196-97D8-FAE618D5990E}.Debug|Any CPU.ActiveCfg = Debug|Any CPU
		{E74AD7D1-88DC-4196-97D8-FAE618D5990E}.Debug|Any CPU.Build.0 = Debug|Any CPU
		{E74AD7D1-88DC-4196-97D8-FAE618D5990E}.Release|Any CPU.ActiveCfg = Release|Any CPU
		{E74AD7D1-88DC-4196-97D8-FAE618D5990E}.Release|Any CPU.Build.0 = Release|Any CPU
		{90C55A6F-D2F8-4F45-B9B0-191CFBD10E3F}.Debug|Any CPU.ActiveCfg = Debug|Any CPU
		{90C55A6F-D2F8-4F45-B9B0-191CFBD10E3F}.Debug|Any CPU.Build.0 = Debug|Any CPU
		{90C55A6F-D2F8-4F45-B9B0-191CFBD10E3F}.Release|Any CPU.ActiveCfg = Release|Any CPU
		{90C55A6F-D2F8-4F45-B9B0-191CFBD10E3F}.Release|Any CPU.Build.0 = Release|Any CPU
		{540AAD13-E0B7-4AB4-A8DB-0C9EF9739D2B}.Debug|Any CPU.ActiveCfg = Debug|Any CPU
		{540AAD13-E0B7-4AB4-A8DB-0C9EF9739D2B}.Debug|Any CPU.Build.0 = Debug|Any CPU
		{540AAD13-E0B7-4AB4-A8DB-0C9EF9739D2B}.Release|Any CPU.ActiveCfg = Release|Any CPU
		{540AAD13-E0B7-4AB4-A8DB-0C9EF9739D2B}.Release|Any CPU.Build.0 = Release|Any CPU
		{56BF33AF-679D-4ED3-BD1E-505E4101FDCB}.Debug|Any CPU.ActiveCfg = Debug|Any CPU
		{56BF33AF-679D-4ED3-BD1E-505E4101FDCB}.Debug|Any CPU.Build.0 = Debug|Any CPU
		{56BF33AF-679D-4ED3-BD1E-505E4101FDCB}.Release|Any CPU.ActiveCfg = Release|Any CPU
		{56BF33AF-679D-4ED3-BD1E-505E4101FDCB}.Release|Any CPU.Build.0 = Release|Any CPU
		{DD69C50D-E97C-4EA5-8719-BEDC3F11ADDD}.Debug|Any CPU.ActiveCfg = Debug|Any CPU
		{DD69C50D-E97C-4EA5-8719-BEDC3F11ADDD}.Debug|Any CPU.Build.0 = Debug|Any CPU
		{DD69C50D-E97C-4EA5-8719-BEDC3F11ADDD}.Release|Any CPU.ActiveCfg = Release|Any CPU
		{DD69C50D-E97C-4EA5-8719-BEDC3F11ADDD}.Release|Any CPU.Build.0 = Release|Any CPU
	EndGlobalSection
	GlobalSection(SolutionProperties) = preSolution
		HideSolutionNode = FALSE
	EndGlobalSection
	GlobalSection(NestedProjects) = preSolution
		{B5D40F73-8B7B-4B2A-8D7A-1751210DBEE1} = {23C921D0-52FB-4FB6-A796-DB61081CD6BF}
		{90C55A6F-D2F8-4F45-B9B0-191CFBD10E3F} = {23C921D0-52FB-4FB6-A796-DB61081CD6BF}
		{DD11B7E9-CCEB-4D64-870E-D3834426474B} = {6E65C7DE-7867-419B-A623-08B0B9FCE340}
		{56BF33AF-679D-4ED3-BD1E-505E4101FDCB} = {DD11B7E9-CCEB-4D64-870E-D3834426474B}
		{C770B7CC-9AE7-4303-9F72-C309B656FA76} = {6E65C7DE-7867-419B-A623-08B0B9FCE340}
		{DD69C50D-E97C-4EA5-8719-BEDC3F11ADDD} = {C770B7CC-9AE7-4303-9F72-C309B656FA76}
	EndGlobalSection
	GlobalSection(ExtensibilityGlobals) = postSolution
		SolutionGuid = {0D84DF8B-B368-46F1-9250-6AD6EA4F5B75}
	EndGlobalSection
EndGlobal
